
Microsoft Visual Studio Solution File, Format Version 12.00
# Visual Studio Express 2012 for Web
Project("{FAE04EC0-301F-11D3-BF4B-00C04F79EFBC}") = "SelfDestructAjax", "SelfDestructAjax\SelfDestructAjax.csproj", "{FC7E762C-42F2-4B40-91DE-53DC0640FB19}"
EndProject
Global
	GlobalSection(SolutionConfigurationPlatforms) = preSolution
		Debug|Any CPU = Debug|Any CPU
		Release|Any CPU = Release|Any CPU
	EndGlobalSection
	GlobalSection(ProjectConfigurationPlatforms) = postSolution
		{FC7E762C-42F2-4B40-91DE-53DC0640FB19}.Debug|Any CPU.ActiveCfg = Debug|Any CPU
		{FC7E762C-42F2-4B40-91DE-53DC0640FB19}.Debug|Any CPU.Build.0 = Debug|Any CPU
		{FC7E762C-42F2-4B40-91DE-53DC0640FB19}.Release|Any CPU.ActiveCfg = Release|Any CPU
		{FC7E762C-42F2-4B40-91DE-53DC0640FB19}.Release|Any CPU.Build.0 = Release|Any CPU
	EndGlobalSection
	GlobalSection(SolutionProperties) = preSolution
		HideSolutionNode = FALSE
	EndGlobalSection
EndGlobal
